// !$*UTF8*$!
{
	archiveVersion = 1;
	classes = {
	};
	objectVersion = 56;
	objects = {

/* Begin PBXBuildFile section */
		6E41DE572B1B52870034D4D3 /* Gradients.swift in Sources */ = {isa = PBXBuildFile; fileRef = 6E41DE562B1B52870034D4D3 /* Gradients.swift */; };
		6E41DE5A2B1B85570034D4D3 /* Styling.swift in Sources */ = {isa = PBXBuildFile; fileRef = 6E41DE592B1B85570034D4D3 /* Styling.swift */; };
		6E41DE5C2B1B89E80034D4D3 /* CTAButton.swift in Sources */ = {isa = PBXBuildFile; fileRef = 6E41DE5B2B1B89E80034D4D3 /* CTAButton.swift */; };
		6EADF8012B1C5155000C4FD4 /* FontSize.swift in Sources */ = {isa = PBXBuildFile; fileRef = 6EADF8002B1C5155000C4FD4 /* FontSize.swift */; };
		6EADF8042B1C527E000C4FD4 /* View+Extension.swift in Sources */ = {isa = PBXBuildFile; fileRef = 6EADF8032B1C527E000C4FD4 /* View+Extension.swift */; };
		6EADF8062B1C5FCB000C4FD4 /* InstructionText.swift in Sources */ = {isa = PBXBuildFile; fileRef = 6EADF8052B1C5FCB000C4FD4 /* InstructionText.swift */; };
		6EADF8082B1C66C3000C4FD4 /* DecoratedText.swift in Sources */ = {isa = PBXBuildFile; fileRef = 6EADF8072B1C66C3000C4FD4 /* DecoratedText.swift */; };
		6EB3D8BF2B1AF58A00850B68 /* SpeakBUDDYApp.swift in Sources */ = {isa = PBXBuildFile; fileRef = 6EB3D8BE2B1AF58A00850B68 /* SpeakBUDDYApp.swift */; };
		6EB3D8C12B1AF58A00850B68 /* ContentView.swift in Sources */ = {isa = PBXBuildFile; fileRef = 6EB3D8C02B1AF58A00850B68 /* ContentView.swift */; };
		6EB3D8C32B1AF58B00850B68 /* Assets.xcassets in Resources */ = {isa = PBXBuildFile; fileRef = 6EB3D8C22B1AF58B00850B68 /* Assets.xcassets */; };
		6EB3D8C62B1AF58B00850B68 /* Preview Assets.xcassets in Resources */ = {isa = PBXBuildFile; fileRef = 6EB3D8C52B1AF58B00850B68 /* Preview Assets.xcassets */; };
		6EF513172B1B953800E0D3CC /* CloseButton.swift in Sources */ = {isa = PBXBuildFile; fileRef = 6EF513162B1B953800E0D3CC /* CloseButton.swift */; };
		6EF5131A2B1BA11E00E0D3CC /* MainTitle.swift in Sources */ = {isa = PBXBuildFile; fileRef = 6EF513192B1BA11E00E0D3CC /* MainTitle.swift */; };
/* End PBXBuildFile section */

/* Begin PBXFileReference section */
		6E41DE562B1B52870034D4D3 /* Gradients.swift */ = {isa = PBXFileReference; lastKnownFileType = sourcecode.swift; path = Gradients.swift; sourceTree = "<group>"; };
		6E41DE592B1B85570034D4D3 /* Styling.swift */ = {isa = PBXFileReference; lastKnownFileType = sourcecode.swift; path = Styling.swift; sourceTree = "<group>"; };
		6E41DE5B2B1B89E80034D4D3 /* CTAButton.swift */ = {isa = PBXFileReference; lastKnownFileType = sourcecode.swift; path = CTAButton.swift; sourceTree = "<group>"; };
		6EADF8002B1C5155000C4FD4 /* FontSize.swift */ = {isa = PBXFileReference; lastKnownFileType = sourcecode.swift; path = FontSize.swift; sourceTree = "<group>"; };
		6EADF8032B1C527E000C4FD4 /* View+Extension.swift */ = {isa = PBXFileReference; lastKnownFileType = sourcecode.swift; path = "View+Extension.swift"; sourceTree = "<group>"; };
		6EADF8052B1C5FCB000C4FD4 /* InstructionText.swift */ = {isa = PBXFileReference; lastKnownFileType = sourcecode.swift; path = InstructionText.swift; sourceTree = "<group>"; };
		6EADF8072B1C66C3000C4FD4 /* DecoratedText.swift */ = {isa = PBXFileReference; lastKnownFileType = sourcecode.swift; path = DecoratedText.swift; sourceTree = "<group>"; };
		6EB3D8BB2B1AF58A00850B68 /* SpeakBUDDY.app */ = {isa = PBXFileReference; explicitFileType = wrapper.application; includeInIndex = 0; path = SpeakBUDDY.app; sourceTree = BUILT_PRODUCTS_DIR; };
		6EB3D8BE2B1AF58A00850B68 /* SpeakBUDDYApp.swift */ = {isa = PBXFileReference; lastKnownFileType = sourcecode.swift; path = SpeakBUDDYApp.swift; sourceTree = "<group>"; };
		6EB3D8C02B1AF58A00850B68 /* ContentView.swift */ = {isa = PBXFileReference; lastKnownFileType = sourcecode.swift; path = ContentView.swift; sourceTree = "<group>"; };
		6EB3D8C22B1AF58B00850B68 /* Assets.xcassets */ = {isa = PBXFileReference; lastKnownFileType = folder.assetcatalog; path = Assets.xcassets; sourceTree = "<group>"; };
		6EB3D8C52B1AF58B00850B68 /* Preview Assets.xcassets */ = {isa = PBXFileReference; lastKnownFileType = folder.assetcatalog; path = "Preview Assets.xcassets"; sourceTree = "<group>"; };
		6EF513162B1B953800E0D3CC /* CloseButton.swift */ = {isa = PBXFileReference; lastKnownFileType = sourcecode.swift; path = CloseButton.swift; sourceTree = "<group>"; };
		6EF513192B1BA11E00E0D3CC /* MainTitle.swift */ = {isa = PBXFileReference; lastKnownFileType = sourcecode.swift; path = MainTitle.swift; sourceTree = "<group>"; };
/* End PBXFileReference section */

/* Begin PBXFrameworksBuildPhase section */
		6EB3D8B82B1AF58A00850B68 /* Frameworks */ = {
			isa = PBXFrameworksBuildPhase;
			buildActionMask = 2147483647;
			files = (
			);
			runOnlyForDeploymentPostprocessing = 0;
		};
/* End PBXFrameworksBuildPhase section */

/* Begin PBXGroup section */
		6E41DE552B1B525A0034D4D3 /* Components */ = {
			isa = PBXGroup;
			children = (
				6EF513182B1BA10E00E0D3CC /* Text */,
				6E41DE5D2B1B8A640034D4D3 /* Button */,
			);
			path = Components;
			sourceTree = "<group>";
		};
		6E41DE582B1B85390034D4D3 /* Styling */ = {
			isa = PBXGroup;
			children = (
				6E41DE562B1B52870034D4D3 /* Gradients.swift */,
				6E41DE592B1B85570034D4D3 /* Styling.swift */,
				6EADF8002B1C5155000C4FD4 /* FontSize.swift */,
			);
			path = Styling;
			sourceTree = "<group>";
		};
		6E41DE5D2B1B8A640034D4D3 /* Button */ = {
			isa = PBXGroup;
			children = (
				6E41DE5B2B1B89E80034D4D3 /* CTAButton.swift */,
				6EF513162B1B953800E0D3CC /* CloseButton.swift */,
			);
			path = Button;
			sourceTree = "<group>";
		};
		6EADF8022B1C526E000C4FD4 /* Extensions */ = {
			isa = PBXGroup;
			children = (
				6EADF8032B1C527E000C4FD4 /* View+Extension.swift */,
			);
			path = Extensions;
			sourceTree = "<group>";
		};
		6EB3D8B22B1AF58A00850B68 = {
			isa = PBXGroup;
			children = (
				6EB3D8BD2B1AF58A00850B68 /* SpeakBUDDY */,
				6EB3D8BC2B1AF58A00850B68 /* Products */,
			);
			sourceTree = "<group>";
		};
		6EB3D8BC2B1AF58A00850B68 /* Products */ = {
			isa = PBXGroup;
			children = (
				6EB3D8BB2B1AF58A00850B68 /* SpeakBUDDY.app */,
			);
			name = Products;
			sourceTree = "<group>";
		};
		6EB3D8BD2B1AF58A00850B68 /* SpeakBUDDY */ = {
			isa = PBXGroup;
			children = (
				6EADF8022B1C526E000C4FD4 /* Extensions */,
				6E41DE582B1B85390034D4D3 /* Styling */,
				6E41DE552B1B525A0034D4D3 /* Components */,
				6EB3D8BE2B1AF58A00850B68 /* SpeakBUDDYApp.swift */,
				6EB3D8C02B1AF58A00850B68 /* ContentView.swift */,
				6EB3D8C22B1AF58B00850B68 /* Assets.xcassets */,
				6EB3D8C42B1AF58B00850B68 /* Preview Content */,
			);
			path = SpeakBUDDY;
			sourceTree = "<group>";
		};
		6EB3D8C42B1AF58B00850B68 /* Preview Content */ = {
			isa = PBXGroup;
			children = (
				6EB3D8C52B1AF58B00850B68 /* Preview Assets.xcassets */,
			);
			path = "Preview Content";
			sourceTree = "<group>";
		};
		6EF513182B1BA10E00E0D3CC /* Text */ = {
			isa = PBXGroup;
			children = (
				6EF513192B1BA11E00E0D3CC /* MainTitle.swift */,
				6EADF8052B1C5FCB000C4FD4 /* InstructionText.swift */,
				6EADF8072B1C66C3000C4FD4 /* DecoratedText.swift */,
			);
			path = Text;
			sourceTree = "<group>";
		};
/* End PBXGroup section */

/* Begin PBXNativeTarget section */
		6EB3D8BA2B1AF58A00850B68 /* SpeakBUDDY */ = {
			isa = PBXNativeTarget;
			buildConfigurationList = 6EB3D8C92B1AF58B00850B68 /* Build configuration list for PBXNativeTarget "SpeakBUDDY" */;
			buildPhases = (
				6EB3D8B72B1AF58A00850B68 /* Sources */,
				6EB3D8B82B1AF58A00850B68 /* Frameworks */,
				6EB3D8B92B1AF58A00850B68 /* Resources */,
			);
			buildRules = (
			);
			dependencies = (
			);
			name = SpeakBUDDY;
			productName = SpeakBUDDY;
			productReference = 6EB3D8BB2B1AF58A00850B68 /* SpeakBUDDY.app */;
			productType = "com.apple.product-type.application";
		};
/* End PBXNativeTarget section */

/* Begin PBXProject section */
		6EB3D8B32B1AF58A00850B68 /* Project object */ = {
			isa = PBXProject;
			attributes = {
				BuildIndependentTargetsInParallel = 1;
				LastSwiftUpdateCheck = 1500;
				LastUpgradeCheck = 1500;
				TargetAttributes = {
					6EB3D8BA2B1AF58A00850B68 = {
						CreatedOnToolsVersion = 15.0.1;
					};
				};
			};
			buildConfigurationList = 6EB3D8B62B1AF58A00850B68 /* Build configuration list for PBXProject "SpeakBUDDY" */;
			compatibilityVersion = "Xcode 14.0";
			developmentRegion = en;
			hasScannedForEncodings = 0;
			knownRegions = (
				en,
				Base,
			);
			mainGroup = 6EB3D8B22B1AF58A00850B68;
			productRefGroup = 6EB3D8BC2B1AF58A00850B68 /* Products */;
			projectDirPath = "";
			projectRoot = "";
			targets = (
				6EB3D8BA2B1AF58A00850B68 /* SpeakBUDDY */,
			);
		};
/* End PBXProject section */

/* Begin PBXResourcesBuildPhase section */
		6EB3D8B92B1AF58A00850B68 /* Resources */ = {
			isa = PBXResourcesBuildPhase;
			buildActionMask = 2147483647;
			files = (
				6EB3D8C62B1AF58B00850B68 /* Preview Assets.xcassets in Resources */,
				6EB3D8C32B1AF58B00850B68 /* Assets.xcassets in Resources */,
			);
			runOnlyForDeploymentPostprocessing = 0;
		};
/* End PBXResourcesBuildPhase section */

/* Begin PBXSourcesBuildPhase section */
		6EB3D8B72B1AF58A00850B68 /* Sources */ = {
			isa = PBXSourcesBuildPhase;
			buildActionMask = 2147483647;
			files = (
				6EF513172B1B953800E0D3CC /* CloseButton.swift in Sources */,
				6E41DE5C2B1B89E80034D4D3 /* CTAButton.swift in Sources */,
				6EF5131A2B1BA11E00E0D3CC /* MainTitle.swift in Sources */,
				6EADF8062B1C5FCB000C4FD4 /* InstructionText.swift in Sources */,
				6EADF8012B1C5155000C4FD4 /* FontSize.swift in Sources */,
				6EB3D8C12B1AF58A00850B68 /* ContentView.swift in Sources */,
				6EB3D8BF2B1AF58A00850B68 /* SpeakBUDDYApp.swift in Sources */,
				6EADF8082B1C66C3000C4FD4 /* DecoratedText.swift in Sources */,
				6E41DE5A2B1B85570034D4D3 /* Styling.swift in Sources */,
				6EADF8042B1C527E000C4FD4 /* View+Extension.swift in Sources */,
				6E41DE572B1B52870034D4D3 /* Gradients.swift in Sources */,
			);
			runOnlyForDeploymentPostprocessing = 0;
		};
/* End PBXSourcesBuildPhase section */

/* Begin XCBuildConfiguration section */
		6EB3D8C72B1AF58B00850B68 /* Debug */ = {
			isa = XCBuildConfiguration;
			buildSettings = {
				ALWAYS_SEARCH_USER_PATHS = NO;
				ASSETCATALOG_COMPILER_GENERATE_SWIFT_ASSET_SYMBOL_EXTENSIONS = YES;
				CLANG_ANALYZER_NONNULL = YES;
				CLANG_ANALYZER_NUMBER_OBJECT_CONVERSION = YES_AGGRESSIVE;
				CLANG_CXX_LANGUAGE_STANDARD = "gnu++20";
				CLANG_ENABLE_MODULES = YES;
				CLANG_ENABLE_OBJC_ARC = YES;
				CLANG_ENABLE_OBJC_WEAK = YES;
				CLANG_WARN_BLOCK_CAPTURE_AUTORELEASING = YES;
				CLANG_WARN_BOOL_CONVERSION = YES;
				CLANG_WARN_COMMA = YES;
				CLANG_WARN_CONSTANT_CONVERSION = YES;
				CLANG_WARN_DEPRECATED_OBJC_IMPLEMENTATIONS = YES;
				CLANG_WARN_DIRECT_OBJC_ISA_USAGE = YES_ERROR;
				CLANG_WARN_DOCUMENTATION_COMMENTS = YES;
				CLANG_WARN_EMPTY_BODY = YES;
				CLANG_WARN_ENUM_CONVERSION = YES;
				CLANG_WARN_INFINITE_RECURSION = YES;
				CLANG_WARN_INT_CONVERSION = YES;
				CLANG_WARN_NON_LITERAL_NULL_CONVERSION = YES;
				CLANG_WARN_OBJC_IMPLICIT_RETAIN_SELF = YES;
				CLANG_WARN_OBJC_LITERAL_CONVERSION = YES;
				CLANG_WARN_OBJC_ROOT_CLASS = YES_ERROR;
				CLANG_WARN_QUOTED_INCLUDE_IN_FRAMEWORK_HEADER = YES;
				CLANG_WARN_RANGE_LOOP_ANALYSIS = YES;
				CLANG_WARN_STRICT_PROTOTYPES = YES;
				CLANG_WARN_SUSPICIOUS_MOVE = YES;
				CLANG_WARN_UNGUARDED_AVAILABILITY = YES_AGGRESSIVE;
				CLANG_WARN_UNREACHABLE_CODE = YES;
				CLANG_WARN__DUPLICATE_METHOD_MATCH = YES;
				COPY_PHASE_STRIP = NO;
				DEBUG_INFORMATION_FORMAT = dwarf;
				ENABLE_STRICT_OBJC_MSGSEND = YES;
				ENABLE_TESTABILITY = YES;
				ENABLE_USER_SCRIPT_SANDBOXING = YES;
				GCC_C_LANGUAGE_STANDARD = gnu17;
				GCC_DYNAMIC_NO_PIC = NO;
				GCC_NO_COMMON_BLOCKS = YES;
				GCC_OPTIMIZATION_LEVEL = 0;
				GCC_PREPROCESSOR_DEFINITIONS = (
					"DEBUG=1",
					"$(inherited)",
				);
				GCC_WARN_64_TO_32_BIT_CONVERSION = YES;
				GCC_WARN_ABOUT_RETURN_TYPE = YES_ERROR;
				GCC_WARN_UNDECLARED_SELECTOR = YES;
				GCC_WARN_UNINITIALIZED_AUTOS = YES_AGGRESSIVE;
				GCC_WARN_UNUSED_FUNCTION = YES;
				GCC_WARN_UNUSED_VARIABLE = YES;
				IPHONEOS_DEPLOYMENT_TARGET = 17.0;
				LOCALIZATION_PREFERS_STRING_CATALOGS = YES;
				MTL_ENABLE_DEBUG_INFO = INCLUDE_SOURCE;
				MTL_FAST_MATH = YES;
				ONLY_ACTIVE_ARCH = YES;
				SDKROOT = iphoneos;
				SWIFT_ACTIVE_COMPILATION_CONDITIONS = "DEBUG $(inherited)";
				SWIFT_OPTIMIZATION_LEVEL = "-Onone";
			};
			name = Debug;
		};
		6EB3D8C82B1AF58B00850B68 /* Release */ = {
			isa = XCBuildConfiguration;
			buildSettings = {
				ALWAYS_SEARCH_USER_PATHS = NO;
				ASSETCATALOG_COMPILER_GENERATE_SWIFT_ASSET_SYMBOL_EXTENSIONS = YES;
				CLANG_ANALYZER_NONNULL = YES;
				CLANG_ANALYZER_NUMBER_OBJECT_CONVERSION = YES_AGGRESSIVE;
				CLANG_CXX_LANGUAGE_STANDARD = "gnu++20";
				CLANG_ENABLE_MODULES = YES;
				CLANG_ENABLE_OBJC_ARC = YES;
				CLANG_ENABLE_OBJC_WEAK = YES;
				CLANG_WARN_BLOCK_CAPTURE_AUTORELEASING = YES;
				CLANG_WARN_BOOL_CONVERSION = YES;
				CLANG_WARN_COMMA = YES;
				CLANG_WARN_CONSTANT_CONVERSION = YES;
				CLANG_WARN_DEPRECATED_OBJC_IMPLEMENTATIONS = YES;
				CLANG_WARN_DIRECT_OBJC_ISA_USAGE = YES_ERROR;
				CLANG_WARN_DOCUMENTATION_COMMENTS = YES;
				CLANG_WARN_EMPTY_BODY = YES;
				CLANG_WARN_ENUM_CONVERSION = YES;
				CLANG_WARN_INFINITE_RECURSION = YES;
				CLANG_WARN_INT_CONVERSION = YES;
				CLANG_WARN_NON_LITERAL_NULL_CONVERSION = YES;
				CLANG_WARN_OBJC_IMPLICIT_RETAIN_SELF = YES;
				CLANG_WARN_OBJC_LITERAL_CONVERSION = YES;
				CLANG_WARN_OBJC_ROOT_CLASS = YES_ERROR;
				CLANG_WARN_QUOTED_INCLUDE_IN_FRAMEWORK_HEADER = YES;
				CLANG_WARN_RANGE_LOOP_ANALYSIS = YES;
				CLANG_WARN_STRICT_PROTOTYPES = YES;
				CLANG_WARN_SUSPICIOUS_MOVE = YES;
				CLANG_WARN_UNGUARDED_AVAILABILITY = YES_AGGRESSIVE;
				CLANG_WARN_UNREACHABLE_CODE = YES;
				CLANG_WARN__DUPLICATE_METHOD_MATCH = YES;
				COPY_PHASE_STRIP = NO;
				DEBUG_INFORMATION_FORMAT = "dwarf-with-dsym";
				ENABLE_NS_ASSERTIONS = NO;
				ENABLE_STRICT_OBJC_MSGSEND = YES;
				ENABLE_USER_SCRIPT_SANDBOXING = YES;
				GCC_C_LANGUAGE_STANDARD = gnu17;
				GCC_NO_COMMON_BLOCKS = YES;
				GCC_WARN_64_TO_32_BIT_CONVERSION = YES;
				GCC_WARN_ABOUT_RETURN_TYPE = YES_ERROR;
				GCC_WARN_UNDECLARED_SELECTOR = YES;
				GCC_WARN_UNINITIALIZED_AUTOS = YES_AGGRESSIVE;
				GCC_WARN_UNUSED_FUNCTION = YES;
				GCC_WARN_UNUSED_VARIABLE = YES;
				IPHONEOS_DEPLOYMENT_TARGET = 17.0;
				LOCALIZATION_PREFERS_STRING_CATALOGS = YES;
				MTL_ENABLE_DEBUG_INFO = NO;
				MTL_FAST_MATH = YES;
				SDKROOT = iphoneos;
				SWIFT_COMPILATION_MODE = wholemodule;
				VALIDATE_PRODUCT = YES;
			};
			name = Release;
		};
		6EB3D8CA2B1AF58B00850B68 /* Debug */ = {
			isa = XCBuildConfiguration;
			buildSettings = {
				ASSETCATALOG_COMPILER_APPICON_NAME = AppIcon;
				ASSETCATALOG_COMPILER_GLOBAL_ACCENT_COLOR_NAME = AccentColor;
				CODE_SIGN_STYLE = Automatic;
				CURRENT_PROJECT_VERSION = 1;
				DEVELOPMENT_ASSET_PATHS = "\"SpeakBUDDY/Preview Content\"";
				DEVELOPMENT_TEAM = ZF4JBQS88A;
				ENABLE_PREVIEWS = YES;
				GENERATE_INFOPLIST_FILE = YES;
				INFOPLIST_KEY_UIApplicationSceneManifest_Generation = YES;
				INFOPLIST_KEY_UIApplicationSupportsIndirectInputEvents = YES;
				INFOPLIST_KEY_UILaunchScreen_Generation = YES;
				INFOPLIST_KEY_UISupportedInterfaceOrientations_iPad = "UIInterfaceOrientationPortrait UIInterfaceOrientationPortraitUpsideDown UIInterfaceOrientationLandscapeLeft UIInterfaceOrientationLandscapeRight";
				INFOPLIST_KEY_UISupportedInterfaceOrientations_iPhone = "UIInterfaceOrientationPortrait UIInterfaceOrientationLandscapeLeft UIInterfaceOrientationLandscapeRight";
				LD_RUNPATH_SEARCH_PATHS = (
					"$(inherited)",
					"@executable_path/Frameworks",
				);
				MARKETING_VERSION = 1.0;
				PRODUCT_BUNDLE_IDENTIFIER = pablott.SpeakBUDDY;
				PRODUCT_NAME = "$(TARGET_NAME)";
				SWIFT_EMIT_LOC_STRINGS = YES;
				SWIFT_VERSION = 5.0;
				TARGETED_DEVICE_FAMILY = "1,2";
			};
			name = Debug;
		};
		6EB3D8CB2B1AF58B00850B68 /* Release */ = {
			isa = XCBuildConfiguration;
			buildSettings = {
				ASSETCATALOG_COMPILER_APPICON_NAME = AppIcon;
				ASSETCATALOG_COMPILER_GLOBAL_ACCENT_COLOR_NAME = AccentColor;
				CODE_SIGN_STYLE = Automatic;
				CURRENT_PROJECT_VERSION = 1;
				DEVELOPMENT_ASSET_PATHS = "\"SpeakBUDDY/Preview Content\"";
				DEVELOPMENT_TEAM = ZF4JBQS88A;
				ENABLE_PREVIEWS = YES;
				GENERATE_INFOPLIST_FILE = YES;
				INFOPLIST_KEY_UIApplicationSceneManifest_Generation = YES;
				INFOPLIST_KEY_UIApplicationSupportsIndirectInputEvents = YES;
				INFOPLIST_KEY_UILaunchScreen_Generation = YES;
				INFOPLIST_KEY_UISupportedInterfaceOrientations_iPad = "UIInterfaceOrientationPortrait UIInterfaceOrientationPortraitUpsideDown UIInterfaceOrientationLandscapeLeft UIInterfaceOrientationLandscapeRight";
				INFOPLIST_KEY_UISupportedInterfaceOrientations_iPhone = "UIInterfaceOrientationPortrait UIInterfaceOrientationLandscapeLeft UIInterfaceOrientationLandscapeRight";
				LD_RUNPATH_SEARCH_PATHS = (
					"$(inherited)",
					"@executable_path/Frameworks",
				);
				MARKETING_VERSION = 1.0;
				PRODUCT_BUNDLE_IDENTIFIER = pablott.SpeakBUDDY;
				PRODUCT_NAME = "$(TARGET_NAME)";
				SWIFT_EMIT_LOC_STRINGS = YES;
				SWIFT_VERSION = 5.0;
				TARGETED_DEVICE_FAMILY = "1,2";
			};
			name = Release;
		};
/* End XCBuildConfiguration section */

/* Begin XCConfigurationList section */
		6EB3D8B62B1AF58A00850B68 /* Build configuration list for PBXProject "SpeakBUDDY" */ = {
			isa = XCConfigurationList;
			buildConfigurations = (
				6EB3D8C72B1AF58B00850B68 /* Debug */,
				6EB3D8C82B1AF58B00850B68 /* Release */,
			);
			defaultConfigurationIsVisible = 0;
			defaultConfigurationName = Release;
		};
		6EB3D8C92B1AF58B00850B68 /* Build configuration list for PBXNativeTarget "SpeakBUDDY" */ = {
			isa = XCConfigurationList;
			buildConfigurations = (
				6EB3D8CA2B1AF58B00850B68 /* Debug */,
				6EB3D8CB2B1AF58B00850B68 /* Release */,
			);
			defaultConfigurationIsVisible = 0;
			defaultConfigurationName = Release;
		};
/* End XCConfigurationList section */
	};
	rootObject = 6EB3D8B32B1AF58A00850B68 /* Project object */;
}
